{
  "name": "nodejs",
  "version": "1.0.0",
  "lockfileVersion": 1,
  "requires": true,
  "dependencies": {
    "chance": {
      "version": "1.1.7",
      "resolved": "https://registry.npmjs.org/chance/-/chance-1.1.7.tgz",
      "integrity": "sha512-bua/2cZEfzS6qPm0vi3JEvGNbriDLcMj9lKxCQOjUcCJRcyjA7umP0zZm6bKWWlBN04vA0L99QGH/CZQawr0eg=="
    },
    "node-addon-api": {
      "version": "2.0.2",
      "resolved": "https://registry.npmjs.org/node-addon-api/-/node-addon-api-2.0.2.tgz",
      "integrity": "sha512-Ntyt4AIXyaLIuMHF6IOoTakB3K+RWxwtsHNRxllEoA6vPwP9o4866g6YWDLUdnucilZhmkxiHwHr11gAENw+QA=="
    },
    "simdjson": {
      "version": "0.5.0",
      "resolved": "https://registry.npmjs.org/simdjson/-/simdjson-0.5.0.tgz",
      "integrity": "sha512-SXUce+touKK0aeVbngRhuytSpfctcqL+D643Bp7VGEy++4Lf0hjcrE/aJIg+D/Sz77IjTSADb3WLZch47Jnakg==",
      "requires": {
        "node-addon-api": "^2.0.0"
      }
    }
  }
}
